
Microsoft Visual Studio Solution File, Format Version 12.00
# Visual Studio Version 17
VisualStudioVersion = 17.2.32519.379
MinimumVisualStudioVersion = 10.0.40219.1
Project("{9A19103F-16F7-4668-BE54-9A1E7A4F7556}") = "FuncionForBusinessLogic", "ServiceBusDemo.Receiver\FuncionForBusinessLogic.csproj", "{A44E7E48-9471-401C-B6D9-9F13B367D51C}"
EndProject
Global
	GlobalSection(SolutionConfigurationPlatforms) = preSolution
		Debug|Any CPU = Debug|Any CPU
		Release|Any CPU = Release|Any CPU
	EndGlobalSection
	GlobalSection(ProjectConfigurationPlatforms) = postSolution
		{A44E7E48-9471-401C-B6D9-9F13B367D51C}.Debug|Any CPU.ActiveCfg = Debug|Any CPU
		{A44E7E48-9471-401C-B6D9-9F13B367D51C}.Debug|Any CPU.Build.0 = Debug|Any CPU
		{A44E7E48-9471-401C-B6D9-9F13B367D51C}.Release|Any CPU.ActiveCfg = Release|Any CPU
		{A44E7E48-9471-401C-B6D9-9F13B367D51C}.Release|Any CPU.Build.0 = Release|Any CPU
	EndGlobalSection
	GlobalSection(SolutionProperties) = preSolution
		HideSolutionNode = FALSE
	EndGlobalSection
	GlobalSection(ExtensibilityGlobals) = postSolution
		SolutionGuid = {AD2DA49F-3BE3-47CE-B02D-2B838D84D47F}
	EndGlobalSection
EndGlobal
